
Microsoft Visual Studio Solution File, Format Version 12.00
# Visual Studio Version 17
VisualStudioVersion = 17.3.32901.215
MinimumVisualStudioVersion = 10.0.40219.1
Project("{FAE04EC0-301F-11D3-BF4B-00C04F79EFBC}") = "Kanopi_page", "Kanopi_page.csproj", "{9A91F7C9-7C32-421F-BBA5-943E41F7C5A6}"
EndProject
Global
	GlobalSection(SolutionConfigurationPlatforms) = preSolution
		Debug|Any CPU = Debug|Any CPU
		Release|Any CPU = Release|Any CPU
	EndGlobalSection
	GlobalSection(ProjectConfigurationPlatforms) = postSolution
		{9A91F7C9-7C32-421F-BBA5-943E41F7C5A6}.Debug|Any CPU.ActiveCfg = Debug|Any CPU
		{9A91F7C9-7C32-421F-BBA5-943E41F7C5A6}.Debug|Any CPU.Build.0 = Debug|Any CPU
		{9A91F7C9-7C32-421F-BBA5-943E41F7C5A6}.Release|Any CPU.ActiveCfg = Release|Any CPU
		{9A91F7C9-7C32-421F-BBA5-943E41F7C5A6}.Release|Any CPU.Build.0 = Release|Any CPU
	EndGlobalSection
	GlobalSection(SolutionProperties) = preSolution
		HideSolutionNode = FALSE
	EndGlobalSection
	GlobalSection(ExtensibilityGlobals) = postSolution
		SolutionGuid = {DD62176A-A9A2-4185-A780-42AA07EB88FF}
	EndGlobalSection
EndGlobal
